
Microsoft Visual Studio Solution File, Format Version 12.00
# Visual Studio Version 16
VisualStudioVersion = 16.0.30011.22
MinimumVisualStudioVersion = 10.0.40219.1
Project("{FAE04EC0-301F-11D3-BF4B-00C04F79EFBC}") = "BPINew", "BPINew\BPINew.csproj", "{A2FF6F5B-CAB8-4BE8-8E16-EB03CD9B128A}"
EndProject
Global
	GlobalSection(SolutionConfigurationPlatforms) = preSolution
		Debug|Any CPU = Debug|Any CPU
		Release|Any CPU = Release|Any CPU
	EndGlobalSection
	GlobalSection(ProjectConfigurationPlatforms) = postSolution
		{A2FF6F5B-CAB8-4BE8-8E16-EB03CD9B128A}.Debug|Any CPU.ActiveCfg = Debug|Any CPU
		{A2FF6F5B-CAB8-4BE8-8E16-EB03CD9B128A}.Debug|Any CPU.Build.0 = Debug|Any CPU
		{A2FF6F5B-CAB8-4BE8-8E16-EB03CD9B128A}.Release|Any CPU.ActiveCfg = Release|Any CPU
		{A2FF6F5B-CAB8-4BE8-8E16-EB03CD9B128A}.Release|Any CPU.Build.0 = Release|Any CPU
	EndGlobalSection
	GlobalSection(SolutionProperties) = preSolution
		HideSolutionNode = FALSE
	EndGlobalSection
	GlobalSection(ExtensibilityGlobals) = postSolution
		SolutionGuid = {21CE8868-F7B6-4C2C-AB9C-BF9DD1F7E774}
	EndGlobalSection
EndGlobal
